# THIS IS AN AUTOGENERATED FILE. DO NOT EDIT THIS FILE DIRECTLY.
# yarn lockfile v1


esbuild-android-arm64@0.13.3:
  version "0.13.3"
  resolved "https://registry.npmmirror.com/esbuild-android-arm64/download/esbuild-android-arm64-0.13.3.tgz#ef734c76eeff42e8c53acdffe901da090164a890"
  integrity sha1-73NMdu7/QujFOs3/6QHaCQFkqJA=

esbuild-darwin-64@0.13.3:
  version "0.13.3"
  resolved "https://registry.npmmirror.com/esbuild-darwin-64/download/esbuild-darwin-64-0.13.3.tgz#35f29376b7451add79f0640980683ef923365385"
  integrity sha1-NfKTdrdFGt158GQJgGg++SM2U4U=

esbuild-darwin-arm64@0.13.3:
  version "0.13.3"
  resolved "https://registry.npmmirror.com/esbuild-darwin-arm64/download/esbuild-darwin-arm64-0.13.3.tgz#530a1326e7d18d62c9a54b6dce70f2b77ed50eec"
  integrity sha1-UwoTJufRjWLJpUttznDyt37VDuw=

esbuild-freebsd-64@0.13.3:
  version "0.13.3"
  resolved "https://registry.npmmirror.com/esbuild-freebsd-64/download/esbuild-freebsd-64-0.13.3.tgz#ce2896ac362e06eb82ca5dec06b2568901eb5afc"
  integrity sha1-ziiWrDYuBuuCyl3sBrJWiQHrWvw=

esbuild-freebsd-arm64@0.13.3:
  version "0.13.3"
  resolved "https://registry.npmmirror.com/esbuild-freebsd-arm64/download/esbuild-freebsd-arm64-0.13.3.tgz#a20454f99e060bea4e465d131556a9f0533f403f"
  integrity sha1-ogRU+Z4GC+pORl0TFVap8FM/QD8=

esbuild-linux-32@0.13.3:
  version "0.13.3"
  resolved "https://registry.npmmirror.com/esbuild-linux-32/download/esbuild-linux-32-0.13.3.tgz#ad56f18208ecf007cd9ab16cd39626ca0312b8ee"
  integrity sha1-rVbxggjs8AfNmrFs05YmygMSuO4=

esbuild-linux-64@0.13.3:
  version "0.13.3"
  resolved "https://registry.npmmirror.com/esbuild-linux-64/download/esbuild-linux-64-0.13.3.tgz#be1eabadf68d153897ed887678f7496d3949810f"
  integrity sha1-vh6rrfaNFTiX7Yh2ePdJbTlJgQ8=

esbuild-linux-arm64@0.13.3:
  version "0.13.3"
  resolved "https://registry.npmmirror.com/esbuild-linux-arm64/download/esbuild-linux-arm64-0.13.3.tgz#329348bb4a19cfb5e9046cc5d97ba5017d8f74ad"
  integrity sha1-MpNIu0oZz7XpBGzF2XulAX2PdK0=

esbuild-linux-arm@0.13.3:
  version "0.13.3"
  resolved "https://registry.npmmirror.com/esbuild-linux-arm/download/esbuild-linux-arm-0.13.3.tgz#b3b3167c9d5d3038894fbc75b194a4fbe93eaf09"
  integrity sha1-s7MWfJ1dMDiJT7x1sZSk++k+rwk=

esbuild-linux-mips64le@0.13.3:
  version "0.13.3"
  resolved "https://registry.npmmirror.com/esbuild-linux-mips64le/download/esbuild-linux-mips64le-0.13.3.tgz#ea1687f28ea2c85399ecc2fe23a48ab343b7b35d"
  integrity sha1-6haH8o6iyFOZ7ML+I6SKs0O3s10=

esbuild-linux-ppc64le@0.13.3:
  version "0.13.3"
  resolved "https://registry.npmmirror.com/esbuild-linux-ppc64le/download/esbuild-linux-ppc64le-0.13.3.tgz#a462cf42eae3d7fc29a9f277679f5adee70afa67"
  integrity sha1-pGLPQurj1/wpqfJ3Z59a3ucK+mc=

esbuild-openbsd-64@0.13.3:
  version "0.13.3"
  resolved "https://registry.npmmirror.com/esbuild-openbsd-64/download/esbuild-openbsd-64-0.13.3.tgz#0cb15bd86d20eb19cb548b530f1a533197532cf9"
  integrity sha1-DLFb2G0g6xnLVItTDxpTMZdTLPk=

esbuild-sunos-64@0.13.3:
  version "0.13.3"
  resolved "https://registry.npmmirror.com/esbuild-sunos-64/download/esbuild-sunos-64-0.13.3.tgz#53a941241f881010969cc8f1acb1ada49c4cd3c2"
  integrity sha1-U6lBJB+IEBCWnMjxrLGtpJxM08I=

esbuild-windows-32@0.13.3:
  version "0.13.3"
  resolved "https://registry.npmmirror.com/esbuild-windows-32/download/esbuild-windows-32-0.13.3.tgz#265dc0d0cdb5374685a851c584857055e12865a4"
  integrity sha1-Jl3A0M21N0aFqFHFhIVwVeEoZaQ=

esbuild-windows-64@0.13.3:
  version "0.13.3"
  resolved "https://registry.npmmirror.com/esbuild-windows-64/download/esbuild-windows-64-0.13.3.tgz?cache=0&sync_timestamp=1632992608266&other_urls=https%3A%2F%2Fregistry.npmmirror.com%2Fesbuild-windows-64%2Fdownload%2Fesbuild-windows-64-0.13.3.tgz#ae710c0629ec8c39c5ef1f69e86ed5592bb4128f"
  integrity sha1-rnEMBinsjDnF7x9p6G7VWSu0Eo8=

esbuild-windows-arm64@0.13.3:
  version "0.13.3"
  resolved "https://registry.npmmirror.com/esbuild-windows-arm64/download/esbuild-windows-arm64-0.13.3.tgz#a236199a26b1205573dcb571f966189326a4c953"
  integrity sha1-ojYZmiaxIFVz3LVx+WYYkyakyVM=

esbuild@^0.13.2:
  version "0.13.3"
  resolved "https://registry.npmmirror.com/esbuild/download/esbuild-0.13.3.tgz#cc9fc347fc81ff6440cdd1fdb9fe65c02eddcc97"
  integrity sha1-zJ/DR/yB/2RAzdH9uf5lwC7dzJc=
  optionalDependencies:
    esbuild-android-arm64 "0.13.3"
    esbuild-darwin-64 "0.13.3"
    esbuild-darwin-arm64 "0.13.3"
    esbuild-freebsd-64 "0.13.3"
    esbuild-freebsd-arm64 "0.13.3"
    esbuild-linux-32 "0.13.3"
    esbuild-linux-64 "0.13.3"
    esbuild-linux-arm "0.13.3"
    esbuild-linux-arm64 "0.13.3"
    esbuild-linux-mips64le "0.13.3"
    esbuild-linux-ppc64le "0.13.3"
    esbuild-openbsd-64 "0.13.3"
    esbuild-sunos-64 "0.13.3"
    esbuild-windows-32 "0.13.3"
    esbuild-windows-64 "0.13.3"
    esbuild-windows-arm64 "0.13.3"

fsevents@~2.3.2:
  version "2.3.2"
  resolved "https://registry.nlark.com/fsevents/download/fsevents-2.3.2.tgz#8a526f78b8fdf4623b709e0b975c52c24c02fd1a"
  integrity sha1-ilJveLj99GI7cJ4Ll1xSwkwC/Ro=

function-bind@^1.1.1:
  version "1.1.1"
  resolved "https://registry.nlark.com/function-bind/download/function-bind-1.1.1.tgz#a56899d3ea3c9bab874bb9773b7c5ede92f4895d"
  integrity sha1-pWiZ0+o8m6uHS7l3O3xe3pL0iV0=

has@^1.0.3:
  version "1.0.3"
  resolved "https://registry.nlark.com/has/download/has-1.0.3.tgz#722d7cbfc1f6aa8241f16dd814e011e1f41e8796"
  integrity sha1-ci18v8H2qoJB8W3YFOAR4fQeh5Y=
  dependencies:
    function-bind "^1.1.1"

is-core-module@^2.2.0:
  version "2.7.0"
  resolved "https://registry.npmmirror.com/is-core-module/download/is-core-module-2.7.0.tgz?cache=0&sync_timestamp=1632759939129&other_urls=https%3A%2F%2Fregistry.npmmirror.com%2Fis-core-module%2Fdownload%2Fis-core-module-2.7.0.tgz#3c0ef7d31b4acfc574f80c58409d568a836848e3"
  integrity sha1-PA730xtKz8V0+AxYQJ1WioNoSOM=
  dependencies:
    has "^1.0.3"

nanocolors@^0.2.2:
  version "0.2.12"
  resolved "https://registry.npmmirror.com/nanocolors/download/nanocolors-0.2.12.tgz#4d05932e70116078673ea4cc6699a1c56cc77777"
  integrity sha1-TQWTLnARYHhnPqTMZpmhxWzHd3c=

nanoid@^3.1.25:
  version "3.1.28"
  resolved "https://registry.npmmirror.com/nanoid/download/nanoid-3.1.28.tgz?cache=0&sync_timestamp=1632644927774&other_urls=https%3A%2F%2Fregistry.npmmirror.com%2Fnanoid%2Fdownload%2Fnanoid-3.1.28.tgz#3c01bac14cb6c5680569014cc65a2f26424c6bd4"
  integrity sha1-PAG6wUy2xWgFaQFMxlovJkJMa9Q=

path-parse@^1.0.6:
  version "1.0.7"
  resolved "https://registry.nlark.com/path-parse/download/path-parse-1.0.7.tgz#fbc114b60ca42b30d9daf5858e4bd68bbedb6735"
  integrity sha1-+8EUtgykKzDZ2vWFjkvWi77bZzU=

postcss@^8.3.8:
  version "8.3.8"
  resolved "https://registry.npmmirror.com/postcss/download/postcss-8.3.8.tgz?cache=0&sync_timestamp=1632555261973&other_urls=https%3A%2F%2Fregistry.npmmirror.com%2Fpostcss%2Fdownload%2Fpostcss-8.3.8.tgz#9ebe2a127396b4b4570ae9f7770e7fb83db2bac1"
  integrity sha1-nr4qEnOWtLRXCun3dw5/uD2yusE=
  dependencies:
    nanocolors "^0.2.2"
    nanoid "^3.1.25"
    source-map-js "^0.6.2"

resolve@^1.20.0:
  version "1.20.0"
  resolved "https://registry.npm.taobao.org/resolve/download/resolve-1.20.0.tgz#629a013fb3f70755d6f0b7935cc1c2c5378b1975"
  integrity sha1-YpoBP7P3B1XW8LeTXMHCxTeLGXU=
  dependencies:
    is-core-module "^2.2.0"
    path-parse "^1.0.6"

rollup@^2.57.0:
  version "2.57.0"
  resolved "https://registry.nlark.com/rollup/download/rollup-2.57.0.tgz?cache=0&sync_timestamp=1632285983577&other_urls=https%3A%2F%2Fregistry.nlark.com%2Frollup%2Fdownload%2Frollup-2.57.0.tgz#c1694475eb22e1022477c0f4635fd0ac80713173"
  integrity sha1-wWlEdesi4QIkd8D0Y1/QrIBxMXM=
  optionalDependencies:
    fsevents "~2.3.2"

source-map-js@^0.6.2:
  version "0.6.2"
  resolved "https://registry.npm.taobao.org/source-map-js/download/source-map-js-0.6.2.tgz#0bb5de631b41cfbda6cfba8bd05a80efdfd2385e"
  integrity sha1-C7XeYxtBz72mz7qL0FqA79/SOF4=

vite@^2.6.1:
  version "2.6.1"
  resolved "https://registry.npmmirror.com/vite/download/vite-2.6.1.tgz#2e17908fa865d962d5fe33631df09c99e7ec486e"
  integrity sha1-LheQj6hl2WLV/jNjHfCcmefsSG4=
  dependencies:
    esbuild "^0.13.2"
    postcss "^8.3.8"
    resolve "^1.20.0"
    rollup "^2.57.0"
  optionalDependencies:
    fsevents "~2.3.2"
